// !$*UTF8*$!
{
	archiveVersion = 1;
	classes = {
	};
	objectVersion = 46;
	objects = {

/* Begin PBXBuildFile section */
		D8006BD91CC268FB0068CAE9 /* Megaman.swift in Sources */ = {isa = PBXBuildFile; fileRef = D8006BD81CC268FB0068CAE9 /* Megaman.swift */; };
		D8006BDB1CC269670068CAE9 /* Character.swift in Sources */ = {isa = PBXBuildFile; fileRef = D8006BDA1CC269670068CAE9 /* Character.swift */; };
		D8006BDD1CC269760068CAE9 /* Protoman.swift in Sources */ = {isa = PBXBuildFile; fileRef = D8006BDC1CC269760068CAE9 /* Protoman.swift */; };
		D8006BDF1CC2A6DF0068CAE9 /* Airman.swift in Sources */ = {isa = PBXBuildFile; fileRef = D8006BDE1CC2A6DF0068CAE9 /* Airman.swift */; };
		D8006BE11CC2ADE40068CAE9 /* sfxMenuBtnPressed.wav in Resources */ = {isa = PBXBuildFile; fileRef = D8006BE01CC2ADE40068CAE9 /* sfxMenuBtnPressed.wav */; };
		D8006BE31CC2AE350068CAE9 /* bgmEnemyIntro.mp3 in Resources */ = {isa = PBXBuildFile; fileRef = D8006BE21CC2AE350068CAE9 /* bgmEnemyIntro.mp3 */; };
		D8006BE51CC2AEC40068CAE9 /* bgmFight.mp3 in Resources */ = {isa = PBXBuildFile; fileRef = D8006BE41CC2AEC40068CAE9 /* bgmFight.mp3 */; };
		D8006BE71CC2AF660068CAE9 /* bgmCharSel.mp3 in Resources */ = {isa = PBXBuildFile; fileRef = D8006BE61CC2AF660068CAE9 /* bgmCharSel.mp3 */; };
		D8006BE91CC2B0220068CAE9 /* bgmRestart.mp3 in Resources */ = {isa = PBXBuildFile; fileRef = D8006BE81CC2B0220068CAE9 /* bgmRestart.mp3 */; };
		D8006BEB1CC2D41D0068CAE9 /* sfxMegaMWin.wav in Resources */ = {isa = PBXBuildFile; fileRef = D8006BEA1CC2D41D0068CAE9 /* sfxMegaMWin.wav */; };
		D8006BED1CC2D44F0068CAE9 /* sfxMegaMHurt.wav in Resources */ = {isa = PBXBuildFile; fileRef = D8006BEC1CC2D44F0068CAE9 /* sfxMegaMHurt.wav */; };
		D8006BF11CC2DB2D0068CAE9 /* sfxShieldUp.wav in Resources */ = {isa = PBXBuildFile; fileRef = D8006BF01CC2DB2D0068CAE9 /* sfxShieldUp.wav */; };
		D8006BF31CC2DB380068CAE9 /* sfxLifeUp.wav in Resources */ = {isa = PBXBuildFile; fileRef = D8006BF21CC2DB380068CAE9 /* sfxLifeUp.wav */; };
		D8006BF51CC2DD050068CAE9 /* sfxShieldBlock.wav in Resources */ = {isa = PBXBuildFile; fileRef = D8006BF41CC2DD050068CAE9 /* sfxShieldBlock.wav */; };
		D8006BF71CC2DDB50068CAE9 /* sfxMegaMShoot.wav in Resources */ = {isa = PBXBuildFile; fileRef = D8006BF61CC2DDB50068CAE9 /* sfxMegaMShoot.wav */; };
		D8006BF91CC2DE7B0068CAE9 /* sfxProtMShoot.wav in Resources */ = {isa = PBXBuildFile; fileRef = D8006BF81CC2DE7B0068CAE9 /* sfxProtMShoot.wav */; };
		D8006BFB1CC2E1060068CAE9 /* sfxAirMHurt.wav in Resources */ = {isa = PBXBuildFile; fileRef = D8006BFA1CC2E1060068CAE9 /* sfxAirMHurt.wav */; };
		D8006BFD1CC2E12B0068CAE9 /* sfxAirMShoot.wav in Resources */ = {isa = PBXBuildFile; fileRef = D8006BFC1CC2E12B0068CAE9 /* sfxAirMShoot.wav */; };
		D8006BFF1CC2E2040068CAE9 /* sfxProtMHurt.wav in Resources */ = {isa = PBXBuildFile; fileRef = D8006BFE1CC2E2040068CAE9 /* sfxProtMHurt.wav */; };
		D8006C011CC2E35D0068CAE9 /* sfxProtMWin.wav in Resources */ = {isa = PBXBuildFile; fileRef = D8006C001CC2E35D0068CAE9 /* sfxProtMWin.wav */; };
		D8006C031CC2E5400068CAE9 /* sfxAirMWin.wav in Resources */ = {isa = PBXBuildFile; fileRef = D8006C021CC2E5400068CAE9 /* sfxAirMWin.wav */; };
		D8006C051CC319F70068CAE9 /* sfxAirMLose.wav in Resources */ = {isa = PBXBuildFile; fileRef = D8006C041CC319F70068CAE9 /* sfxAirMLose.wav */; };
		D84D79F51CBBF507002A1862 /* AppDelegate.swift in Sources */ = {isa = PBXBuildFile; fileRef = D84D79F41CBBF507002A1862 /* AppDelegate.swift */; };
		D84D79F71CBBF507002A1862 /* ViewController.swift in Sources */ = {isa = PBXBuildFile; fileRef = D84D79F61CBBF507002A1862 /* ViewController.swift */; };
		D84D79FA1CBBF507002A1862 /* Main.storyboard in Resources */ = {isa = PBXBuildFile; fileRef = D84D79F81CBBF507002A1862 /* Main.storyboard */; };
		D84D79FC1CBBF507002A1862 /* Assets.xcassets in Resources */ = {isa = PBXBuildFile; fileRef = D84D79FB1CBBF507002A1862 /* Assets.xcassets */; };
		D84D79FF1CBBF507002A1862 /* LaunchScreen.storyboard in Resources */ = {isa = PBXBuildFile; fileRef = D84D79FD1CBBF507002A1862 /* LaunchScreen.storyboard */; };
		D84D7A071CBC007F002A1862 /* AnimImg.swift in Sources */ = {isa = PBXBuildFile; fileRef = D84D7A061CBC007F002A1862 /* AnimImg.swift */; };
		D84D7A091CBC9B0C002A1862 /* GameStates.swift in Sources */ = {isa = PBXBuildFile; fileRef = D84D7A081CBC9B0C002A1862 /* GameStates.swift */; };
		D84D7A0B1CBCCA0D002A1862 /* Shuffle.swift in Sources */ = {isa = PBXBuildFile; fileRef = D84D7A0A1CBCCA0D002A1862 /* Shuffle.swift */; };
/* End PBXBuildFile section */

/* Begin PBXFileReference section */
		D8006BD81CC268FB0068CAE9 /* Megaman.swift */ = {isa = PBXFileReference; fileEncoding = 4; lastKnownFileType = sourcecode.swift; path = Megaman.swift; sourceTree = "<group>"; };
		D8006BDA1CC269670068CAE9 /* Character.swift */ = {isa = PBXFileReference; fileEncoding = 4; lastKnownFileType = sourcecode.swift; path = Character.swift; sourceTree = "<group>"; };
		D8006BDC1CC269760068CAE9 /* Protoman.swift */ = {isa = PBXFileReference; fileEncoding = 4; lastKnownFileType = sourcecode.swift; path = Protoman.swift; sourceTree = "<group>"; };
		D8006BDE1CC2A6DF0068CAE9 /* Airman.swift */ = {isa = PBXFileReference; fileEncoding = 4; lastKnownFileType = sourcecode.swift; path = Airman.swift; sourceTree = "<group>"; };
		D8006BE01CC2ADE40068CAE9 /* sfxMenuBtnPressed.wav */ = {isa = PBXFileReference; lastKnownFileType = audio.wav; path = sfxMenuBtnPressed.wav; sourceTree = "<group>"; };
		D8006BE21CC2AE350068CAE9 /* bgmEnemyIntro.mp3 */ = {isa = PBXFileReference; lastKnownFileType = audio.mp3; path = bgmEnemyIntro.mp3; sourceTree = "<group>"; };
		D8006BE41CC2AEC40068CAE9 /* bgmFight.mp3 */ = {isa = PBXFileReference; lastKnownFileType = audio.mp3; path = bgmFight.mp3; sourceTree = "<group>"; };
		D8006BE61CC2AF660068CAE9 /* bgmCharSel.mp3 */ = {isa = PBXFileReference; lastKnownFileType = audio.mp3; path = bgmCharSel.mp3; sourceTree = "<group>"; };
		D8006BE81CC2B0220068CAE9 /* bgmRestart.mp3 */ = {isa = PBXFileReference; lastKnownFileType = audio.mp3; path = bgmRestart.mp3; sourceTree = "<group>"; };
		D8006BEA1CC2D41D0068CAE9 /* sfxMegaMWin.wav */ = {isa = PBXFileReference; lastKnownFileType = audio.wav; path = sfxMegaMWin.wav; sourceTree = "<group>"; };
		D8006BEC1CC2D44F0068CAE9 /* sfxMegaMHurt.wav */ = {isa = PBXFileReference; lastKnownFileType = audio.wav; path = sfxMegaMHurt.wav; sourceTree = "<group>"; };
		D8006BF01CC2DB2D0068CAE9 /* sfxShieldUp.wav */ = {isa = PBXFileReference; lastKnownFileType = audio.wav; path = sfxShieldUp.wav; sourceTree = "<group>"; };
		D8006BF21CC2DB380068CAE9 /* sfxLifeUp.wav */ = {isa = PBXFileReference; lastKnownFileType = audio.wav; path = sfxLifeUp.wav; sourceTree = "<group>"; };
		D8006BF41CC2DD050068CAE9 /* sfxShieldBlock.wav */ = {isa = PBXFileReference; lastKnownFileType = audio.wav; path = sfxShieldBlock.wav; sourceTree = "<group>"; };
		D8006BF61CC2DDB50068CAE9 /* sfxMegaMShoot.wav */ = {isa = PBXFileReference; lastKnownFileType = audio.wav; path = sfxMegaMShoot.wav; sourceTree = "<group>"; };
		D8006BF81CC2DE7B0068CAE9 /* sfxProtMShoot.wav */ = {isa = PBXFileReference; lastKnownFileType = audio.wav; path = sfxProtMShoot.wav; sourceTree = "<group>"; };
		D8006BFA1CC2E1060068CAE9 /* sfxAirMHurt.wav */ = {isa = PBXFileReference; lastKnownFileType = audio.wav; path = sfxAirMHurt.wav; sourceTree = "<group>"; };
		D8006BFC1CC2E12B0068CAE9 /* sfxAirMShoot.wav */ = {isa = PBXFileReference; lastKnownFileType = audio.wav; path = sfxAirMShoot.wav; sourceTree = "<group>"; };
		D8006BFE1CC2E2040068CAE9 /* sfxProtMHurt.wav */ = {isa = PBXFileReference; lastKnownFileType = audio.wav; path = sfxProtMHurt.wav; sourceTree = "<group>"; };
		D8006C001CC2E35D0068CAE9 /* sfxProtMWin.wav */ = {isa = PBXFileReference; lastKnownFileType = audio.wav; path = sfxProtMWin.wav; sourceTree = "<group>"; };
		D8006C021CC2E5400068CAE9 /* sfxAirMWin.wav */ = {isa = PBXFileReference; lastKnownFileType = audio.wav; path = sfxAirMWin.wav; sourceTree = "<group>"; };
		D8006C041CC319F70068CAE9 /* sfxAirMLose.wav */ = {isa = PBXFileReference; lastKnownFileType = audio.wav; path = sfxAirMLose.wav; sourceTree = "<group>"; };
		D84D79F11CBBF507002A1862 /* MegaForce4Fun.app */ = {isa = PBXFileReference; explicitFileType = wrapper.application; includeInIndex = 0; path = MegaForce4Fun.app; sourceTree = BUILT_PRODUCTS_DIR; };
		D84D79F41CBBF507002A1862 /* AppDelegate.swift */ = {isa = PBXFileReference; lastKnownFileType = sourcecode.swift; path = AppDelegate.swift; sourceTree = "<group>"; };
		D84D79F61CBBF507002A1862 /* ViewController.swift */ = {isa = PBXFileReference; lastKnownFileType = sourcecode.swift; path = ViewController.swift; sourceTree = "<group>"; };
		D84D79F91CBBF507002A1862 /* Base */ = {isa = PBXFileReference; lastKnownFileType = file.storyboard; name = Base; path = Base.lproj/Main.storyboard; sourceTree = "<group>"; };
		D84D79FB1CBBF507002A1862 /* Assets.xcassets */ = {isa = PBXFileReference; lastKnownFileType = folder.assetcatalog; path = Assets.xcassets; sourceTree = "<group>"; };
		D84D79FE1CBBF507002A1862 /* Base */ = {isa = PBXFileReference; lastKnownFileType = file.storyboard; name = Base; path = Base.lproj/LaunchScreen.storyboard; sourceTree = "<group>"; };
		D84D7A001CBBF507002A1862 /* Info.plist */ = {isa = PBXFileReference; lastKnownFileType = text.plist.xml; path = Info.plist; sourceTree = "<group>"; };
		D84D7A061CBC007F002A1862 /* AnimImg.swift */ = {isa = PBXFileReference; fileEncoding = 4; lastKnownFileType = sourcecode.swift; path = AnimImg.swift; sourceTree = "<group>"; };
		D84D7A081CBC9B0C002A1862 /* GameStates.swift */ = {isa = PBXFileReference; fileEncoding = 4; lastKnownFileType = sourcecode.swift; path = GameStates.swift; sourceTree = "<group>"; };
		D84D7A0A1CBCCA0D002A1862 /* Shuffle.swift */ = {isa = PBXFileReference; fileEncoding = 4; lastKnownFileType = sourcecode.swift; path = Shuffle.swift; sourceTree = "<group>"; };
/* End PBXFileReference section */

/* Begin PBXFrameworksBuildPhase section */
		D84D79EE1CBBF507002A1862 /* Frameworks */ = {
			isa = PBXFrameworksBuildPhase;
			buildActionMask = 2147483647;
			files = (
			);
			runOnlyForDeploymentPostprocessing = 0;
		};
/* End PBXFrameworksBuildPhase section */

/* Begin PBXGroup section */
		D84D79E81CBBF507002A1862 = {
			isa = PBXGroup;
			children = (
				D84D79F31CBBF507002A1862 /* MegaForce4Fun */,
				D84D79F21CBBF507002A1862 /* Products */,
			);
			sourceTree = "<group>";
		};
		D84D79F21CBBF507002A1862 /* Products */ = {
			isa = PBXGroup;
			children = (
				D84D79F11CBBF507002A1862 /* MegaForce4Fun.app */,
			);
			name = Products;
			sourceTree = "<group>";
		};
		D84D79F31CBBF507002A1862 /* MegaForce4Fun */ = {
			isa = PBXGroup;
			children = (
				D8006BE61CC2AF660068CAE9 /* bgmCharSel.mp3 */,
				D8006BE41CC2AEC40068CAE9 /* bgmFight.mp3 */,
				D8006BE81CC2B0220068CAE9 /* bgmRestart.mp3 */,
				D8006BE21CC2AE350068CAE9 /* bgmEnemyIntro.mp3 */,
				D8006BF01CC2DB2D0068CAE9 /* sfxShieldUp.wav */,
				D8006BF41CC2DD050068CAE9 /* sfxShieldBlock.wav */,
				D8006BF21CC2DB380068CAE9 /* sfxLifeUp.wav */,
				D8006BF61CC2DDB50068CAE9 /* sfxMegaMShoot.wav */,
				D8006BEC1CC2D44F0068CAE9 /* sfxMegaMHurt.wav */,
				D8006BEA1CC2D41D0068CAE9 /* sfxMegaMWin.wav */,
				D8006BF81CC2DE7B0068CAE9 /* sfxProtMShoot.wav */,
				D8006BFE1CC2E2040068CAE9 /* sfxProtMHurt.wav */,
				D8006C001CC2E35D0068CAE9 /* sfxProtMWin.wav */,
				D8006BFA1CC2E1060068CAE9 /* sfxAirMHurt.wav */,
				D8006C021CC2E5400068CAE9 /* sfxAirMWin.wav */,
				D8006C041CC319F70068CAE9 /* sfxAirMLose.wav */,
				D8006BFC1CC2E12B0068CAE9 /* sfxAirMShoot.wav */,
				D8006BE01CC2ADE40068CAE9 /* sfxMenuBtnPressed.wav */,
				D84D79F41CBBF507002A1862 /* AppDelegate.swift */,
				D84D79F61CBBF507002A1862 /* ViewController.swift */,
				D84D79F81CBBF507002A1862 /* Main.storyboard */,
				D84D79FB1CBBF507002A1862 /* Assets.xcassets */,
				D84D79FD1CBBF507002A1862 /* LaunchScreen.storyboard */,
				D84D7A001CBBF507002A1862 /* Info.plist */,
				D84D7A061CBC007F002A1862 /* AnimImg.swift */,
				D84D7A0A1CBCCA0D002A1862 /* Shuffle.swift */,
				D84D7A081CBC9B0C002A1862 /* GameStates.swift */,
				D8006BDA1CC269670068CAE9 /* Character.swift */,
				D8006BD81CC268FB0068CAE9 /* Megaman.swift */,
				D8006BDC1CC269760068CAE9 /* Protoman.swift */,
				D8006BDE1CC2A6DF0068CAE9 /* Airman.swift */,
			);
			path = MegaForce4Fun;
			sourceTree = "<group>";
		};
/* End PBXGroup section */

/* Begin PBXNativeTarget section */
		D84D79F01CBBF507002A1862 /* MegaForce4Fun */ = {
			isa = PBXNativeTarget;
			buildConfigurationList = D84D7A031CBBF507002A1862 /* Build configuration list for PBXNativeTarget "MegaForce4Fun" */;
			buildPhases = (
				D84D79ED1CBBF507002A1862 /* Sources */,
				D84D79EE1CBBF507002A1862 /* Frameworks */,
				D84D79EF1CBBF507002A1862 /* Resources */,
			);
			buildRules = (
			);
			dependencies = (
			);
			name = MegaForce4Fun;
			productName = MegaForce4Fun;
			productReference = D84D79F11CBBF507002A1862 /* MegaForce4Fun.app */;
			productType = "com.apple.product-type.application";
		};
/* End PBXNativeTarget section */

/* Begin PBXProject section */
		D84D79E91CBBF507002A1862 /* Project object */ = {
			isa = PBXProject;
			attributes = {
				LastSwiftUpdateCheck = 0730;
				LastUpgradeCheck = 0730;
				ORGANIZATIONNAME = "Stéphane DEPOILLY";
				TargetAttributes = {
					D84D79F01CBBF507002A1862 = {
						CreatedOnToolsVersion = 7.3;
					};
				};
			};
			buildConfigurationList = D84D79EC1CBBF507002A1862 /* Build configuration list for PBXProject "MegaForce4Fun" */;
			compatibilityVersion = "Xcode 3.2";
			developmentRegion = English;
			hasScannedForEncodings = 0;
			knownRegions = (
				en,
				Base,
			);
			mainGroup = D84D79E81CBBF507002A1862;
			productRefGroup = D84D79F21CBBF507002A1862 /* Products */;
			projectDirPath = "";
			projectRoot = "";
			targets = (
				D84D79F01CBBF507002A1862 /* MegaForce4Fun */,
			);
		};
/* End PBXProject section */

/* Begin PBXResourcesBuildPhase section */
		D84D79EF1CBBF507002A1862 /* Resources */ = {
			isa = PBXResourcesBuildPhase;
			buildActionMask = 2147483647;
			files = (
				D8006BF51CC2DD050068CAE9 /* sfxShieldBlock.wav in Resources */,
				D8006C051CC319F70068CAE9 /* sfxAirMLose.wav in Resources */,
				D8006BF31CC2DB380068CAE9 /* sfxLifeUp.wav in Resources */,
				D8006BFF1CC2E2040068CAE9 /* sfxProtMHurt.wav in Resources */,
				D8006BE11CC2ADE40068CAE9 /* sfxMenuBtnPressed.wav in Resources */,
				D84D79FF1CBBF507002A1862 /* LaunchScreen.storyboard in Resources */,
				D8006C011CC2E35D0068CAE9 /* sfxProtMWin.wav in Resources */,
				D8006C031CC2E5400068CAE9 /* sfxAirMWin.wav in Resources */,
				D8006BF11CC2DB2D0068CAE9 /* sfxShieldUp.wav in Resources */,
				D8006BE31CC2AE350068CAE9 /* bgmEnemyIntro.mp3 in Resources */,
				D8006BF91CC2DE7B0068CAE9 /* sfxProtMShoot.wav in Resources */,
				D8006BE51CC2AEC40068CAE9 /* bgmFight.mp3 in Resources */,
				D8006BFB1CC2E1060068CAE9 /* sfxAirMHurt.wav in Resources */,
				D8006BE71CC2AF660068CAE9 /* bgmCharSel.mp3 in Resources */,
				D8006BF71CC2DDB50068CAE9 /* sfxMegaMShoot.wav in Resources */,
				D84D79FC1CBBF507002A1862 /* Assets.xcassets in Resources */,
				D8006BEB1CC2D41D0068CAE9 /* sfxMegaMWin.wav in Resources */,
				D8006BED1CC2D44F0068CAE9 /* sfxMegaMHurt.wav in Resources */,
				D84D79FA1CBBF507002A1862 /* Main.storyboard in Resources */,
				D8006BFD1CC2E12B0068CAE9 /* sfxAirMShoot.wav in Resources */,
				D8006BE91CC2B0220068CAE9 /* bgmRestart.mp3 in Resources */,
			);
			runOnlyForDeploymentPostprocessing = 0;
		};
/* End PBXResourcesBuildPhase section */

/* Begin PBXSourcesBuildPhase section */
		D84D79ED1CBBF507002A1862 /* Sources */ = {
			isa = PBXSourcesBuildPhase;
			buildActionMask = 2147483647;
			files = (
				D84D7A0B1CBCCA0D002A1862 /* Shuffle.swift in Sources */,
				D8006BDD1CC269760068CAE9 /* Protoman.swift in Sources */,
				D84D79F71CBBF507002A1862 /* ViewController.swift in Sources */,
				D8006BDB1CC269670068CAE9 /* Character.swift in Sources */,
				D8006BDF1CC2A6DF0068CAE9 /* Airman.swift in Sources */,
				D84D7A091CBC9B0C002A1862 /* GameStates.swift in Sources */,
				D84D7A071CBC007F002A1862 /* AnimImg.swift in Sources */,
				D8006BD91CC268FB0068CAE9 /* Megaman.swift in Sources */,
				D84D79F51CBBF507002A1862 /* AppDelegate.swift in Sources */,
			);
			runOnlyForDeploymentPostprocessing = 0;
		};
/* End PBXSourcesBuildPhase section */

/* Begin PBXVariantGroup section */
		D84D79F81CBBF507002A1862 /* Main.storyboard */ = {
			isa = PBXVariantGroup;
			children = (
				D84D79F91CBBF507002A1862 /* Base */,
			);
			name = Main.storyboard;
			sourceTree = "<group>";
		};
		D84D79FD1CBBF507002A1862 /* LaunchScreen.storyboard */ = {
			isa = PBXVariantGroup;
			children = (
				D84D79FE1CBBF507002A1862 /* Base */,
			);
			name = LaunchScreen.storyboard;
			sourceTree = "<group>";
		};
/* End PBXVariantGroup section */

/* Begin XCBuildConfiguration section */
		D84D7A011CBBF507002A1862 /* Debug */ = {
			isa = XCBuildConfiguration;
			buildSettings = {
				ALWAYS_SEARCH_USER_PATHS = NO;
				CLANG_ANALYZER_NONNULL = YES;
				CLANG_CXX_LANGUAGE_STANDARD = "gnu++0x";
				CLANG_CXX_LIBRARY = "libc++";
				CLANG_ENABLE_MODULES = YES;
				CLANG_ENABLE_OBJC_ARC = YES;
				CLANG_WARN_BOOL_CONVERSION = YES;
				CLANG_WARN_CONSTANT_CONVERSION = YES;
				CLANG_WARN_DIRECT_OBJC_ISA_USAGE = YES_ERROR;
				CLANG_WARN_EMPTY_BODY = YES;
				CLANG_WARN_ENUM_CONVERSION = YES;
				CLANG_WARN_INT_CONVERSION = YES;
				CLANG_WARN_OBJC_ROOT_CLASS = YES_ERROR;
				CLANG_WARN_UNREACHABLE_CODE = YES;
				CLANG_WARN__DUPLICATE_METHOD_MATCH = YES;
				"CODE_SIGN_IDENTITY[sdk=iphoneos*]" = "iPhone Developer";
				COPY_PHASE_STRIP = NO;
				DEBUG_INFORMATION_FORMAT = dwarf;
				ENABLE_STRICT_OBJC_MSGSEND = YES;
				ENABLE_TESTABILITY = YES;
				GCC_C_LANGUAGE_STANDARD = gnu99;
				GCC_DYNAMIC_NO_PIC = NO;
				GCC_NO_COMMON_BLOCKS = YES;
				GCC_OPTIMIZATION_LEVEL = 0;
				GCC_PREPROCESSOR_DEFINITIONS = (
					"DEBUG=1",
					"$(inherited)",
				);
				GCC_WARN_64_TO_32_BIT_CONVERSION = YES;
				GCC_WARN_ABOUT_RETURN_TYPE = YES_ERROR;
				GCC_WARN_UNDECLARED_SELECTOR = YES;
				GCC_WARN_UNINITIALIZED_AUTOS = YES_AGGRESSIVE;
				GCC_WARN_UNUSED_FUNCTION = YES;
				GCC_WARN_UNUSED_VARIABLE = YES;
				IPHONEOS_DEPLOYMENT_TARGET = 9.3;
				MTL_ENABLE_DEBUG_INFO = YES;
				ONLY_ACTIVE_ARCH = YES;
				SDKROOT = iphoneos;
				SWIFT_OPTIMIZATION_LEVEL = "-Onone";
				TARGETED_DEVICE_FAMILY = "1,2";
			};
			name = Debug;
		};
		D84D7A021CBBF507002A1862 /* Release */ = {
			isa = XCBuildConfiguration;
			buildSettings = {
				ALWAYS_SEARCH_USER_PATHS = NO;
				CLANG_ANALYZER_NONNULL = YES;
				CLANG_CXX_LANGUAGE_STANDARD = "gnu++0x";
				CLANG_CXX_LIBRARY = "libc++";
				CLANG_ENABLE_MODULES = YES;
				CLANG_ENABLE_OBJC_ARC = YES;
				CLANG_WARN_BOOL_CONVERSION = YES;
				CLANG_WARN_CONSTANT_CONVERSION = YES;
				CLANG_WARN_DIRECT_OBJC_ISA_USAGE = YES_ERROR;
				CLANG_WARN_EMPTY_BODY = YES;
				CLANG_WARN_ENUM_CONVERSION = YES;
				CLANG_WARN_INT_CONVERSION = YES;
				CLANG_WARN_OBJC_ROOT_CLASS = YES_ERROR;
				CLANG_WARN_UNREACHABLE_CODE = YES;
				CLANG_WARN__DUPLICATE_METHOD_MATCH = YES;
				"CODE_SIGN_IDENTITY[sdk=iphoneos*]" = "iPhone Developer";
				COPY_PHASE_STRIP = NO;
				DEBUG_INFORMATION_FORMAT = "dwarf-with-dsym";
				ENABLE_NS_ASSERTIONS = NO;
				ENABLE_STRICT_OBJC_MSGSEND = YES;
				GCC_C_LANGUAGE_STANDARD = gnu99;
				GCC_NO_COMMON_BLOCKS = YES;
				GCC_WARN_64_TO_32_BIT_CONVERSION = YES;
				GCC_WARN_ABOUT_RETURN_TYPE = YES_ERROR;
				GCC_WARN_UNDECLARED_SELECTOR = YES;
				GCC_WARN_UNINITIALIZED_AUTOS = YES_AGGRESSIVE;
				GCC_WARN_UNUSED_FUNCTION = YES;
				GCC_WARN_UNUSED_VARIABLE = YES;
				IPHONEOS_DEPLOYMENT_TARGET = 9.3;
				MTL_ENABLE_DEBUG_INFO = NO;
				SDKROOT = iphoneos;
				TARGETED_DEVICE_FAMILY = "1,2";
				VALIDATE_PRODUCT = YES;
			};
			name = Release;
		};
		D84D7A041CBBF507002A1862 /* Debug */ = {
			isa = XCBuildConfiguration;
			buildSettings = {
				ASSETCATALOG_COMPILER_APPICON_NAME = AppIcon;
				CODE_SIGN_IDENTITY = "iPhone Developer";
				INFOPLIST_FILE = MegaForce4Fun/Info.plist;
				LD_RUNPATH_SEARCH_PATHS = "$(inherited) @executable_path/Frameworks";
				PRODUCT_BUNDLE_IDENTIFIER = com.stephanedepoilly.MegaForce4Fun;
				PRODUCT_NAME = "$(TARGET_NAME)";
			};
			name = Debug;
		};
		D84D7A051CBBF507002A1862 /* Release */ = {
			isa = XCBuildConfiguration;
			buildSettings = {
				ASSETCATALOG_COMPILER_APPICON_NAME = AppIcon;
				CODE_SIGN_IDENTITY = "iPhone Developer";
				INFOPLIST_FILE = MegaForce4Fun/Info.plist;
				LD_RUNPATH_SEARCH_PATHS = "$(inherited) @executable_path/Frameworks";
				PRODUCT_BUNDLE_IDENTIFIER = com.stephanedepoilly.MegaForce4Fun;
				PRODUCT_NAME = "$(TARGET_NAME)";
			};
			name = Release;
		};
/* End XCBuildConfiguration section */

/* Begin XCConfigurationList section */
		D84D79EC1CBBF507002A1862 /* Build configuration list for PBXProject "MegaForce4Fun" */ = {
			isa = XCConfigurationList;
			buildConfigurations = (
				D84D7A011CBBF507002A1862 /* Debug */,
				D84D7A021CBBF507002A1862 /* Release */,
			);
			defaultConfigurationIsVisible = 0;
			defaultConfigurationName = Release;
		};
		D84D7A031CBBF507002A1862 /* Build configuration list for PBXNativeTarget "MegaForce4Fun" */ = {
			isa = XCConfigurationList;
			buildConfigurations = (
				D84D7A041CBBF507002A1862 /* Debug */,
				D84D7A051CBBF507002A1862 /* Release */,
			);
			defaultConfigurationIsVisible = 0;
			defaultConfigurationName = Release;
		};
/* End XCConfigurationList section */
	};
	rootObject = D84D79E91CBBF507002A1862 /* Project object */;
}
